
Microsoft Visual Studio Solution File, Format Version 12.00
# Visual Studio Version 17
VisualStudioVersion = 17.12.35506.116
MinimumVisualStudioVersion = 10.0.40219.1
Project("{FAE04EC0-301F-11D3-BF4B-00C04F79EFBC}") = "Korn.AutorunService", "Korn.AutorunService\Korn.AutorunService.csproj", "{5A9ACD95-861B-4B7C-99F2-BC03D2D93FA6}"
EndProject
Project("{2150E333-8FDC-42A3-9474-1A3956D46DE8}") = "Korn", "Korn", "{75C76751-E594-4BAD-9788-4BDC44C5AA50}"
EndProject
Project("{FAE04EC0-301F-11D3-BF4B-00C04F79EFBC}") = "Korn.Utils.System", "..\Korn.Utils.System\Korn.Utils.System\Korn.Utils.System.csproj", "{58FBEE0D-DD5F-4CF2-83FC-9E4A8431E779}"
EndProject
Project("{FAE04EC0-301F-11D3-BF4B-00C04F79EFBC}") = "Korn.Shared", "..\Korn.Shared\Korn.Shared\Korn.Shared.csproj", "{83A95DFF-9638-4A00-B5EB-36FA69024335}"
EndProject
Global
	GlobalSection(SolutionConfigurationPlatforms) = preSolution
		Debug|Any CPU = Debug|Any CPU
		Debug|x64 = Debug|x64
		Release|Any CPU = Release|Any CPU
		Release|x64 = Release|x64
	EndGlobalSection
	GlobalSection(ProjectConfigurationPlatforms) = postSolution
		{5A9ACD95-861B-4B7C-99F2-BC03D2D93FA6}.Debug|Any CPU.ActiveCfg = Debug|Any CPU
		{5A9ACD95-861B-4B7C-99F2-BC03D2D93FA6}.Debug|Any CPU.Build.0 = Debug|Any CPU
		{5A9ACD95-861B-4B7C-99F2-BC03D2D93FA6}.Debug|x64.ActiveCfg = Debug|x64
		{5A9ACD95-861B-4B7C-99F2-BC03D2D93FA6}.Debug|x64.Build.0 = Debug|x64
		{5A9ACD95-861B-4B7C-99F2-BC03D2D93FA6}.Release|Any CPU.ActiveCfg = Release|Any CPU
		{5A9ACD95-861B-4B7C-99F2-BC03D2D93FA6}.Release|Any CPU.Build.0 = Release|Any CPU
		{5A9ACD95-861B-4B7C-99F2-BC03D2D93FA6}.Release|x64.ActiveCfg = Release|x64
		{5A9ACD95-861B-4B7C-99F2-BC03D2D93FA6}.Release|x64.Build.0 = Release|x64
		{58FBEE0D-DD5F-4CF2-83FC-9E4A8431E779}.Debug|Any CPU.ActiveCfg = Debug|x64
		{58FBEE0D-DD5F-4CF2-83FC-9E4A8431E779}.Debug|Any CPU.Build.0 = Debug|x64
		{58FBEE0D-DD5F-4CF2-83FC-9E4A8431E779}.Debug|x64.ActiveCfg = Debug|x64
		{58FBEE0D-DD5F-4CF2-83FC-9E4A8431E779}.Debug|x64.Build.0 = Debug|x64
		{58FBEE0D-DD5F-4CF2-83FC-9E4A8431E779}.Release|Any CPU.ActiveCfg = Release|x64
		{58FBEE0D-DD5F-4CF2-83FC-9E4A8431E779}.Release|Any CPU.Build.0 = Release|x64
		{58FBEE0D-DD5F-4CF2-83FC-9E4A8431E779}.Release|x64.ActiveCfg = Release|x64
		{58FBEE0D-DD5F-4CF2-83FC-9E4A8431E779}.Release|x64.Build.0 = Release|x64
		{83A95DFF-9638-4A00-B5EB-36FA69024335}.Debug|Any CPU.ActiveCfg = Debug|x64
		{83A95DFF-9638-4A00-B5EB-36FA69024335}.Debug|Any CPU.Build.0 = Debug|x64
		{83A95DFF-9638-4A00-B5EB-36FA69024335}.Debug|x64.ActiveCfg = Debug|x64
		{83A95DFF-9638-4A00-B5EB-36FA69024335}.Debug|x64.Build.0 = Debug|x64
		{83A95DFF-9638-4A00-B5EB-36FA69024335}.Release|Any CPU.ActiveCfg = Release|x64
		{83A95DFF-9638-4A00-B5EB-36FA69024335}.Release|Any CPU.Build.0 = Release|x64
		{83A95DFF-9638-4A00-B5EB-36FA69024335}.Release|x64.ActiveCfg = Release|x64
		{83A95DFF-9638-4A00-B5EB-36FA69024335}.Release|x64.Build.0 = Release|x64
	EndGlobalSection
	GlobalSection(SolutionProperties) = preSolution
		HideSolutionNode = FALSE
	EndGlobalSection
	GlobalSection(NestedProjects) = preSolution
		{58FBEE0D-DD5F-4CF2-83FC-9E4A8431E779} = {75C76751-E594-4BAD-9788-4BDC44C5AA50}
		{83A95DFF-9638-4A00-B5EB-36FA69024335} = {75C76751-E594-4BAD-9788-4BDC44C5AA50}
	EndGlobalSection
EndGlobal
